{
  "name": "kor-travel-common",
  "lockfileVersion": 3,
  "requires": true,
  "packages": {
    "": {
      "name": "kor-travel-common",
      "license": "GPL-3.0-or-later",
      "workspaces": [
        "packages/*"
      ],
      "engines": {
        "node": "^22.12.0"
      }
    },
    "node_modules/@kor-travel/tokens": {
      "resolved": "packages/tokens",
      "link": true
    },
    "packages/tokens": {
      "name": "@kor-travel/tokens",
      "version": "0.1.0",
      "license": "GPL-3.0-or-later"
    }
  }
}
